// !$*UTF8*$!
{
	archiveVersion = 1;
	classes = {
	};
	objectVersion = 52;
	objects = {

/* Begin PBXBuildFile section */
		100123F826B6C7BE00074BF1 /* AppDelegate.swift in Sources */ = {isa = PBXBuildFile; fileRef = 100123F726B6C7BE00074BF1 /* AppDelegate.swift */; };
		100123FA26B6C7BE00074BF1 /* SceneDelegate.swift in Sources */ = {isa = PBXBuildFile; fileRef = 100123F926B6C7BE00074BF1 /* SceneDelegate.swift */; };
		100123FC26B6C7BE00074BF1 /* ContentView.swift in Sources */ = {isa = PBXBuildFile; fileRef = 100123FB26B6C7BE00074BF1 /* ContentView.swift */; };
		100123FE26B6C7BE00074BF1 /* Assets.xcassets in Resources */ = {isa = PBXBuildFile; fileRef = 100123FD26B6C7BE00074BF1 /* Assets.xcassets */; };
		1001240126B6C7BE00074BF1 /* Preview Assets.xcassets in Resources */ = {isa = PBXBuildFile; fileRef = 1001240026B6C7BE00074BF1 /* Preview Assets.xcassets */; };
		1001240426B6C7BE00074BF1 /* LaunchScreen.storyboard in Resources */ = {isa = PBXBuildFile; fileRef = 1001240226B6C7BE00074BF1 /* LaunchScreen.storyboard */; };
		1001240D26B6C88F00074BF1 /* ArcGISToolkit in Frameworks */ = {isa = PBXBuildFile; productRef = 1001240C26B6C88F00074BF1 /* ArcGISToolkit */; };
		1001241026B6C8F300074BF1 /* DocuSignHandler.swift in Sources */ = {isa = PBXBuildFile; fileRef = 1001240F26B6C8F300074BF1 /* DocuSignHandler.swift */; };
		1001241326B6C8FC00074BF1 /* ArcGISHandler.swift in Sources */ = {isa = PBXBuildFile; fileRef = 1001241226B6C8FC00074BF1 /* ArcGISHandler.swift */; };
		1001241A26B6C90B00074BF1 /* ViewModel.swift in Sources */ = {isa = PBXBuildFile; fileRef = 1001241526B6C90B00074BF1 /* ViewModel.swift */; };
		1001241B26B6C90B00074BF1 /* MapActionHandlingViewModel.swift in Sources */ = {isa = PBXBuildFile; fileRef = 1001241626B6C90B00074BF1 /* MapActionHandlingViewModel.swift */; };
		1001241C26B6C90B00074BF1 /* TemplatesViewModel.swift in Sources */ = {isa = PBXBuildFile; fileRef = 1001241726B6C90B00074BF1 /* TemplatesViewModel.swift */; };
		1001241D26B6C90B00074BF1 /* MapQueryViewModel.swift in Sources */ = {isa = PBXBuildFile; fileRef = 1001241826B6C90B00074BF1 /* MapQueryViewModel.swift */; };
		1001241E26B6C90B00074BF1 /* AuthenticationViewModel.swift in Sources */ = {isa = PBXBuildFile; fileRef = 1001241926B6C90B00074BF1 /* AuthenticationViewModel.swift */; };
		1001242F26B6C91800074BF1 /* PopOverView.swift in Sources */ = {isa = PBXBuildFile; fileRef = 1001242026B6C91800074BF1 /* PopOverView.swift */; };
		1001243026B6C91800074BF1 /* CommonDimensionAndColor.swift in Sources */ = {isa = PBXBuildFile; fileRef = 1001242126B6C91800074BF1 /* CommonDimensionAndColor.swift */; };
		1001243126B6C91800074BF1 /* CustomActivityIndicator.swift in Sources */ = {isa = PBXBuildFile; fileRef = 1001242226B6C91800074BF1 /* CustomActivityIndicator.swift */; };
		1001243226B6C91800074BF1 /* Common.swift in Sources */ = {isa = PBXBuildFile; fileRef = 1001242326B6C91800074BF1 /* Common.swift */; };
		1001243326B6C91800074BF1 /* Extensions.swift in Sources */ = {isa = PBXBuildFile; fileRef = 1001242426B6C91800074BF1 /* Extensions.swift */; };
		1001243426B6C91800074BF1 /* RoundedCorner.swift in Sources */ = {isa = PBXBuildFile; fileRef = 1001242626B6C91800074BF1 /* RoundedCorner.swift */; };
		1001243526B6C91800074BF1 /* BottomSheet.swift in Sources */ = {isa = PBXBuildFile; fileRef = 1001242726B6C91800074BF1 /* BottomSheet.swift */; };
		1001243626B6C91800074BF1 /* ViewExtension.swift in Sources */ = {isa = PBXBuildFile; fileRef = 1001242826B6C91800074BF1 /* ViewExtension.swift */; };
		1001243726B6C91800074BF1 /* QRImageView.swift in Sources */ = {isa = PBXBuildFile; fileRef = 1001242926B6C91800074BF1 /* QRImageView.swift */; };
		1001243826B6C91800074BF1 /* ProgressViewModifier.swift in Sources */ = {isa = PBXBuildFile; fileRef = 1001242A26B6C91800074BF1 /* ProgressViewModifier.swift */; };
		1001243926B6C91800074BF1 /* TextView.swift in Sources */ = {isa = PBXBuildFile; fileRef = 1001242B26B6C91800074BF1 /* TextView.swift */; };
		1001243A26B6C91800074BF1 /* Theme.swift in Sources */ = {isa = PBXBuildFile; fileRef = 1001242C26B6C91800074BF1 /* Theme.swift */; };
		1001243B26B6C91800074BF1 /* BorderWithRoundCorner.swift in Sources */ = {isa = PBXBuildFile; fileRef = 1001242D26B6C91800074BF1 /* BorderWithRoundCorner.swift */; };
		1001243C26B6C91800074BF1 /* PlaceHolderStyle.swift in Sources */ = {isa = PBXBuildFile; fileRef = 1001242E26B6C91800074BF1 /* PlaceHolderStyle.swift */; };
		1001244B26B6C92300074BF1 /* TemplateView.swift in Sources */ = {isa = PBXBuildFile; fileRef = 1001243F26B6C92300074BF1 /* TemplateView.swift */; };
		1001244C26B6C92300074BF1 /* TemplatesView.swift in Sources */ = {isa = PBXBuildFile; fileRef = 1001244026B6C92300074BF1 /* TemplatesView.swift */; };
		1001244D26B6C92300074BF1 /* DocuSignTemplateView.swift in Sources */ = {isa = PBXBuildFile; fileRef = 1001244126B6C92300074BF1 /* DocuSignTemplateView.swift */; };
		1001244E26B6C92300074BF1 /* AfterSignInView.swift in Sources */ = {isa = PBXBuildFile; fileRef = 1001244326B6C92300074BF1 /* AfterSignInView.swift */; };
		1001244F26B6C92300074BF1 /* UserLoginView.swift in Sources */ = {isa = PBXBuildFile; fileRef = 1001244426B6C92300074BF1 /* UserLoginView.swift */; };
		1001245026B6C92300074BF1 /* OAuthTokenView.swift in Sources */ = {isa = PBXBuildFile; fileRef = 1001244526B6C92300074BF1 /* OAuthTokenView.swift */; };
		1001245126B6C92300074BF1 /* UserLoginViewOld.swift in Sources */ = {isa = PBXBuildFile; fileRef = 1001244626B6C92300074BF1 /* UserLoginViewOld.swift */; };
		1001245226B6C92300074BF1 /* OauthTokenWebView.swift in Sources */ = {isa = PBXBuildFile; fileRef = 1001244726B6C92300074BF1 /* OauthTokenWebView.swift */; };
		1001245326B6C92300074BF1 /* ArcGISMapView.swift in Sources */ = {isa = PBXBuildFile; fileRef = 1001244926B6C92300074BF1 /* ArcGISMapView.swift */; };
		1001245426B6C92300074BF1 /* FrontMapView.swift in Sources */ = {isa = PBXBuildFile; fileRef = 1001244A26B6C92300074BF1 /* FrontMapView.swift */; };
		1001245626B766A800074BF1 /* MenuView.swift in Sources */ = {isa = PBXBuildFile; fileRef = 1001245526B766A800074BF1 /* MenuView.swift */; };
		1001245826B77F7F00074BF1 /* PopOverViewAtPoint.swift in Sources */ = {isa = PBXBuildFile; fileRef = 1001245726B77F7F00074BF1 /* PopOverViewAtPoint.swift */; };
		1001245A26B7DEFD00074BF1 /* MapInfoEntryView.swift in Sources */ = {isa = PBXBuildFile; fileRef = 1001245926B7DEFD00074BF1 /* MapInfoEntryView.swift */; };
		1001246026BA0AE700074BF1 /* OtpText.swift in Sources */ = {isa = PBXBuildFile; fileRef = 1001245C26BA0AE700074BF1 /* OtpText.swift */; };
		1001246126BA0AE700074BF1 /* PhoneInputData.swift in Sources */ = {isa = PBXBuildFile; fileRef = 1001245D26BA0AE700074BF1 /* PhoneInputData.swift */; };
		1001246226BA0AE700074BF1 /* Country.swift in Sources */ = {isa = PBXBuildFile; fileRef = 1001245E26BA0AE700074BF1 /* Country.swift */; };
		1001246326BA0AE700074BF1 /* User.swift in Sources */ = {isa = PBXBuildFile; fileRef = 1001245F26BA0AE700074BF1 /* User.swift */; };
		1001246526BA0CEA00074BF1 /* UserGroup.swift in Sources */ = {isa = PBXBuildFile; fileRef = 1001246426BA0CEA00074BF1 /* UserGroup.swift */; };
		1001246726BA0D2500074BF1 /* UserMap.swift in Sources */ = {isa = PBXBuildFile; fileRef = 1001246626BA0D2500074BF1 /* UserMap.swift */; };
		1001246926BA0DA300074BF1 /* MapVersion.swift in Sources */ = {isa = PBXBuildFile; fileRef = 1001246826BA0DA300074BF1 /* MapVersion.swift */; };
		1001246D26BA896E00074BF1 /* MapVersionNote.swift in Sources */ = {isa = PBXBuildFile; fileRef = 1001246C26BA896E00074BF1 /* MapVersionNote.swift */; };
		1001246F26BA91CD00074BF1 /* FrontMenuView.swift in Sources */ = {isa = PBXBuildFile; fileRef = 1001246E26BA91CD00074BF1 /* FrontMenuView.swift */; };
		1001247C26BB703000074BF1 /* KeychainWrapper.swift in Sources */ = {isa = PBXBuildFile; fileRef = 1001247726BB703000074BF1 /* KeychainWrapper.swift */; };
		1001247D26BB703000074BF1 /* KeychainWrapperSubscript.swift in Sources */ = {isa = PBXBuildFile; fileRef = 1001247826BB703000074BF1 /* KeychainWrapperSubscript.swift */; };
		1001247E26BB703000074BF1 /* KeychainItemAccessibility.swift in Sources */ = {isa = PBXBuildFile; fileRef = 1001247A26BB703000074BF1 /* KeychainItemAccessibility.swift */; };
		1001248126BB707E00074BF1 /* KCDataStore.swift in Sources */ = {isa = PBXBuildFile; fileRef = 1001248026BB707E00074BF1 /* KCDataStore.swift */; };
		1001248326BB739700074BF1 /* SignInView.swift in Sources */ = {isa = PBXBuildFile; fileRef = 1001248226BB739700074BF1 /* SignInView.swift */; };
		1001248526BB754000074BF1 /* SignUpView.swift in Sources */ = {isa = PBXBuildFile; fileRef = 1001248426BB754000074BF1 /* SignUpView.swift */; };
		1001248B26BB77AF00074BF1 /* UserViewModel.swift in Sources */ = {isa = PBXBuildFile; fileRef = 1001248A26BB77AF00074BF1 /* UserViewModel.swift */; };
		1001249026BB917B00074BF1 /* UserGroupsListView.swift in Sources */ = {isa = PBXBuildFile; fileRef = 1001248F26BB917B00074BF1 /* UserGroupsListView.swift */; };
		1001249226BB962F00074BF1 /* UserGroupsViewModel.swift in Sources */ = {isa = PBXBuildFile; fileRef = 1001249126BB962F00074BF1 /* UserGroupsViewModel.swift */; };
		1001249426BBC6F400074BF1 /* UserProfileFormView.swift in Sources */ = {isa = PBXBuildFile; fileRef = 1001249326BBC6F400074BF1 /* UserProfileFormView.swift */; };
		1001249626BBC91A00074BF1 /* UserProfileView.swift in Sources */ = {isa = PBXBuildFile; fileRef = 1001249526BBC91A00074BF1 /* UserProfileView.swift */; };
		1001249A26BBCCB500074BF1 /* SettingsView.swift in Sources */ = {isa = PBXBuildFile; fileRef = 1001249926BBCCB500074BF1 /* SettingsView.swift */; };
		1001249C26BD3B8E00074BF1 /* MapListView.swift in Sources */ = {isa = PBXBuildFile; fileRef = 1001249B26BD3B8E00074BF1 /* MapListView.swift */; };
		1001249E26BE087400074BF1 /* MapVersionsListView.swift in Sources */ = {isa = PBXBuildFile; fileRef = 1001249D26BE087400074BF1 /* MapVersionsListView.swift */; };
		10FCC6F926BA357E00A8A46F /* MapVersionItem.swift in Sources */ = {isa = PBXBuildFile; fileRef = 10FCC6F826BA357E00A8A46F /* MapVersionItem.swift */; };
		10FCC6FB26BA360D00A8A46F /* MapVersionIpoint.swift in Sources */ = {isa = PBXBuildFile; fileRef = 10FCC6FA26BA360D00A8A46F /* MapVersionIpoint.swift */; };
		10FCC70126BA374000A8A46F /* DictionaryExt.swift in Sources */ = {isa = PBXBuildFile; fileRef = 10FCC6FD26BA374000A8A46F /* DictionaryExt.swift */; };
		10FCC70226BA374000A8A46F /* ApiRequestHandler.swift in Sources */ = {isa = PBXBuildFile; fileRef = 10FCC6FE26BA374000A8A46F /* ApiRequestHandler.swift */; };
		10FCC70326BA374000A8A46F /* DateFormatterExt.swift in Sources */ = {isa = PBXBuildFile; fileRef = 10FCC6FF26BA374000A8A46F /* DateFormatterExt.swift */; };
		37F9CE8A2CA43185D25B6BB0 /* Pods_JDIApp3.framework in Frameworks */ = {isa = PBXBuildFile; fileRef = 1936CF31044D8CFD4B0CA300 /* Pods_JDIApp3.framework */; };
/* End PBXBuildFile section */

/* Begin PBXFileReference section */
		100123F426B6C7BE00074BF1 /* JDIApp3.app */ = {isa = PBXFileReference; explicitFileType = wrapper.application; includeInIndex = 0; path = JDIApp3.app; sourceTree = BUILT_PRODUCTS_DIR; };
		100123F726B6C7BE00074BF1 /* AppDelegate.swift */ = {isa = PBXFileReference; lastKnownFileType = sourcecode.swift; path = AppDelegate.swift; sourceTree = "<group>"; };
		100123F926B6C7BE00074BF1 /* SceneDelegate.swift */ = {isa = PBXFileReference; lastKnownFileType = sourcecode.swift; path = SceneDelegate.swift; sourceTree = "<group>"; };
		100123FB26B6C7BE00074BF1 /* ContentView.swift */ = {isa = PBXFileReference; lastKnownFileType = sourcecode.swift; path = ContentView.swift; sourceTree = "<group>"; };
		100123FD26B6C7BE00074BF1 /* Assets.xcassets */ = {isa = PBXFileReference; lastKnownFileType = folder.assetcatalog; path = Assets.xcassets; sourceTree = "<group>"; };
		1001240026B6C7BE00074BF1 /* Preview Assets.xcassets */ = {isa = PBXFileReference; lastKnownFileType = folder.assetcatalog; path = "Preview Assets.xcassets"; sourceTree = "<group>"; };
		1001240326B6C7BE00074BF1 /* Base */ = {isa = PBXFileReference; lastKnownFileType = file.storyboard; name = Base; path = Base.lproj/LaunchScreen.storyboard; sourceTree = "<group>"; };
		1001240526B6C7BE00074BF1 /* Info.plist */ = {isa = PBXFileReference; lastKnownFileType = text.plist.xml; path = Info.plist; sourceTree = "<group>"; };
		1001240F26B6C8F300074BF1 /* DocuSignHandler.swift */ = {isa = PBXFileReference; fileEncoding = 4; lastKnownFileType = sourcecode.swift; path = DocuSignHandler.swift; sourceTree = "<group>"; };
		1001241226B6C8FC00074BF1 /* ArcGISHandler.swift */ = {isa = PBXFileReference; fileEncoding = 4; lastKnownFileType = sourcecode.swift; path = ArcGISHandler.swift; sourceTree = "<group>"; };
		1001241526B6C90B00074BF1 /* ViewModel.swift */ = {isa = PBXFileReference; fileEncoding = 4; lastKnownFileType = sourcecode.swift; path = ViewModel.swift; sourceTree = "<group>"; };
		1001241626B6C90B00074BF1 /* MapActionHandlingViewModel.swift */ = {isa = PBXFileReference; fileEncoding = 4; lastKnownFileType = sourcecode.swift; path = MapActionHandlingViewModel.swift; sourceTree = "<group>"; };
		1001241726B6C90B00074BF1 /* TemplatesViewModel.swift */ = {isa = PBXFileReference; fileEncoding = 4; lastKnownFileType = sourcecode.swift; path = TemplatesViewModel.swift; sourceTree = "<group>"; };
		1001241826B6C90B00074BF1 /* MapQueryViewModel.swift */ = {isa = PBXFileReference; fileEncoding = 4; lastKnownFileType = sourcecode.swift; path = MapQueryViewModel.swift; sourceTree = "<group>"; };
		1001241926B6C90B00074BF1 /* AuthenticationViewModel.swift */ = {isa = PBXFileReference; fileEncoding = 4; lastKnownFileType = sourcecode.swift; path = AuthenticationViewModel.swift; sourceTree = "<group>"; };
		1001242026B6C91800074BF1 /* PopOverView.swift */ = {isa = PBXFileReference; fileEncoding = 4; lastKnownFileType = sourcecode.swift; path = PopOverView.swift; sourceTree = "<group>"; };
		1001242126B6C91800074BF1 /* CommonDimensionAndColor.swift */ = {isa = PBXFileReference; fileEncoding = 4; lastKnownFileType = sourcecode.swift; path = CommonDimensionAndColor.swift; sourceTree = "<group>"; };
		1001242226B6C91800074BF1 /* CustomActivityIndicator.swift */ = {isa = PBXFileReference; fileEncoding = 4; lastKnownFileType = sourcecode.swift; path = CustomActivityIndicator.swift; sourceTree = "<group>"; };
		1001242326B6C91800074BF1 /* Common.swift */ = {isa = PBXFileReference; fileEncoding = 4; lastKnownFileType = sourcecode.swift; path = Common.swift; sourceTree = "<group>"; };
		1001242426B6C91800074BF1 /* Extensions.swift */ = {isa = PBXFileReference; fileEncoding = 4; lastKnownFileType = sourcecode.swift; path = Extensions.swift; sourceTree = "<group>"; };
		1001242626B6C91800074BF1 /* RoundedCorner.swift */ = {isa = PBXFileReference; fileEncoding = 4; lastKnownFileType = sourcecode.swift; path = RoundedCorner.swift; sourceTree = "<group>"; };
		1001242726B6C91800074BF1 /* BottomSheet.swift */ = {isa = PBXFileReference; fileEncoding = 4; lastKnownFileType = sourcecode.swift; path = BottomSheet.swift; sourceTree = "<group>"; };
		1001242826B6C91800074BF1 /* ViewExtension.swift */ = {isa = PBXFileReference; fileEncoding = 4; lastKnownFileType = sourcecode.swift; path = ViewExtension.swift; sourceTree = "<group>"; };
		1001242926B6C91800074BF1 /* QRImageView.swift */ = {isa = PBXFileReference; fileEncoding = 4; lastKnownFileType = sourcecode.swift; path = QRImageView.swift; sourceTree = "<group>"; };
		1001242A26B6C91800074BF1 /* ProgressViewModifier.swift */ = {isa = PBXFileReference; fileEncoding = 4; lastKnownFileType = sourcecode.swift; path = ProgressViewModifier.swift; sourceTree = "<group>"; };
		1001242B26B6C91800074BF1 /* TextView.swift */ = {isa = PBXFileReference; fileEncoding = 4; lastKnownFileType = sourcecode.swift; path = TextView.swift; sourceTree = "<group>"; };
		1001242C26B6C91800074BF1 /* Theme.swift */ = {isa = PBXFileReference; fileEncoding = 4; lastKnownFileType = sourcecode.swift; path = Theme.swift; sourceTree = "<group>"; };
		1001242D26B6C91800074BF1 /* BorderWithRoundCorner.swift */ = {isa = PBXFileReference; fileEncoding = 4; lastKnownFileType = sourcecode.swift; path = BorderWithRoundCorner.swift; sourceTree = "<group>"; };
		1001242E26B6C91800074BF1 /* PlaceHolderStyle.swift */ = {isa = PBXFileReference; fileEncoding = 4; lastKnownFileType = sourcecode.swift; path = PlaceHolderStyle.swift; sourceTree = "<group>"; };
		1001243F26B6C92300074BF1 /* TemplateView.swift */ = {isa = PBXFileReference; fileEncoding = 4; lastKnownFileType = sourcecode.swift; path = TemplateView.swift; sourceTree = "<group>"; };
		1001244026B6C92300074BF1 /* TemplatesView.swift */ = {isa = PBXFileReference; fileEncoding = 4; lastKnownFileType = sourcecode.swift; path = TemplatesView.swift; sourceTree = "<group>"; };
		1001244126B6C92300074BF1 /* DocuSignTemplateView.swift */ = {isa = PBXFileReference; fileEncoding = 4; lastKnownFileType = sourcecode.swift; path = DocuSignTemplateView.swift; sourceTree = "<group>"; };
		1001244326B6C92300074BF1 /* AfterSignInView.swift */ = {isa = PBXFileReference; fileEncoding = 4; lastKnownFileType = sourcecode.swift; path = AfterSignInView.swift; sourceTree = "<group>"; };
		1001244426B6C92300074BF1 /* UserLoginView.swift */ = {isa = PBXFileReference; fileEncoding = 4; lastKnownFileType = sourcecode.swift; path = UserLoginView.swift; sourceTree = "<group>"; };
		1001244526B6C92300074BF1 /* OAuthTokenView.swift */ = {isa = PBXFileReference; fileEncoding = 4; lastKnownFileType = sourcecode.swift; path = OAuthTokenView.swift; sourceTree = "<group>"; };
		1001244626B6C92300074BF1 /* UserLoginViewOld.swift */ = {isa = PBXFileReference; fileEncoding = 4; lastKnownFileType = sourcecode.swift; path = UserLoginViewOld.swift; sourceTree = "<group>"; };
		1001244726B6C92300074BF1 /* OauthTokenWebView.swift */ = {isa = PBXFileReference; fileEncoding = 4; lastKnownFileType = sourcecode.swift; path = OauthTokenWebView.swift; sourceTree = "<group>"; };
		1001244926B6C92300074BF1 /* ArcGISMapView.swift */ = {isa = PBXFileReference; fileEncoding = 4; lastKnownFileType = sourcecode.swift; path = ArcGISMapView.swift; sourceTree = "<group>"; };
		1001244A26B6C92300074BF1 /* FrontMapView.swift */ = {isa = PBXFileReference; fileEncoding = 4; lastKnownFileType = sourcecode.swift; path = FrontMapView.swift; sourceTree = "<group>"; };
		1001245526B766A800074BF1 /* MenuView.swift */ = {isa = PBXFileReference; lastKnownFileType = sourcecode.swift; path = MenuView.swift; sourceTree = "<group>"; };
		1001245726B77F7F00074BF1 /* PopOverViewAtPoint.swift */ = {isa = PBXFileReference; lastKnownFileType = sourcecode.swift; path = PopOverViewAtPoint.swift; sourceTree = "<group>"; };
		1001245926B7DEFD00074BF1 /* MapInfoEntryView.swift */ = {isa = PBXFileReference; lastKnownFileType = sourcecode.swift; path = MapInfoEntryView.swift; sourceTree = "<group>"; };
		1001245C26BA0AE700074BF1 /* OtpText.swift */ = {isa = PBXFileReference; fileEncoding = 4; lastKnownFileType = sourcecode.swift; path = OtpText.swift; sourceTree = "<group>"; };
		1001245D26BA0AE700074BF1 /* PhoneInputData.swift */ = {isa = PBXFileReference; fileEncoding = 4; lastKnownFileType = sourcecode.swift; path = PhoneInputData.swift; sourceTree = "<group>"; };
		1001245E26BA0AE700074BF1 /* Country.swift */ = {isa = PBXFileReference; fileEncoding = 4; lastKnownFileType = sourcecode.swift; path = Country.swift; sourceTree = "<group>"; };
		1001245F26BA0AE700074BF1 /* User.swift */ = {isa = PBXFileReference; fileEncoding = 4; lastKnownFileType = sourcecode.swift; path = User.swift; sourceTree = "<group>"; };
		1001246426BA0CEA00074BF1 /* UserGroup.swift */ = {isa = PBXFileReference; lastKnownFileType = sourcecode.swift; path = UserGroup.swift; sourceTree = "<group>"; };
		1001246626BA0D2500074BF1 /* UserMap.swift */ = {isa = PBXFileReference; lastKnownFileType = sourcecode.swift; path = UserMap.swift; sourceTree = "<group>"; };
		1001246826BA0DA300074BF1 /* MapVersion.swift */ = {isa = PBXFileReference; lastKnownFileType = sourcecode.swift; path = MapVersion.swift; sourceTree = "<group>"; };
		1001246C26BA896E00074BF1 /* MapVersionNote.swift */ = {isa = PBXFileReference; lastKnownFileType = sourcecode.swift; path = MapVersionNote.swift; sourceTree = "<group>"; };
		1001246E26BA91CD00074BF1 /* FrontMenuView.swift */ = {isa = PBXFileReference; lastKnownFileType = sourcecode.swift; path = FrontMenuView.swift; sourceTree = "<group>"; };
		1001247726BB703000074BF1 /* KeychainWrapper.swift */ = {isa = PBXFileReference; fileEncoding = 4; lastKnownFileType = sourcecode.swift; path = KeychainWrapper.swift; sourceTree = "<group>"; };
		1001247826BB703000074BF1 /* KeychainWrapperSubscript.swift */ = {isa = PBXFileReference; fileEncoding = 4; lastKnownFileType = sourcecode.swift; path = KeychainWrapperSubscript.swift; sourceTree = "<group>"; };
		1001247926BB703000074BF1 /* SwiftKeychainWrapper.h */ = {isa = PBXFileReference; fileEncoding = 4; lastKnownFileType = sourcecode.c.h; path = SwiftKeychainWrapper.h; sourceTree = "<group>"; };
		1001247A26BB703000074BF1 /* KeychainItemAccessibility.swift */ = {isa = PBXFileReference; fileEncoding = 4; lastKnownFileType = sourcecode.swift; path = KeychainItemAccessibility.swift; sourceTree = "<group>"; };
		1001248026BB707E00074BF1 /* KCDataStore.swift */ = {isa = PBXFileReference; fileEncoding = 4; lastKnownFileType = sourcecode.swift; path = KCDataStore.swift; sourceTree = "<group>"; };
		1001248226BB739700074BF1 /* SignInView.swift */ = {isa = PBXFileReference; lastKnownFileType = sourcecode.swift; path = SignInView.swift; sourceTree = "<group>"; };
		1001248426BB754000074BF1 /* SignUpView.swift */ = {isa = PBXFileReference; lastKnownFileType = sourcecode.swift; path = SignUpView.swift; sourceTree = "<group>"; };
		1001248A26BB77AF00074BF1 /* UserViewModel.swift */ = {isa = PBXFileReference; fileEncoding = 4; lastKnownFileType = sourcecode.swift; path = UserViewModel.swift; sourceTree = "<group>"; };
		1001248F26BB917B00074BF1 /* UserGroupsListView.swift */ = {isa = PBXFileReference; lastKnownFileType = sourcecode.swift; path = UserGroupsListView.swift; sourceTree = "<group>"; };
		1001249126BB962F00074BF1 /* UserGroupsViewModel.swift */ = {isa = PBXFileReference; lastKnownFileType = sourcecode.swift; path = UserGroupsViewModel.swift; sourceTree = "<group>"; };
		1001249326BBC6F400074BF1 /* UserProfileFormView.swift */ = {isa = PBXFileReference; lastKnownFileType = sourcecode.swift; path = UserProfileFormView.swift; sourceTree = "<group>"; };
		1001249526BBC91A00074BF1 /* UserProfileView.swift */ = {isa = PBXFileReference; lastKnownFileType = sourcecode.swift; path = UserProfileView.swift; sourceTree = "<group>"; };
		1001249926BBCCB500074BF1 /* SettingsView.swift */ = {isa = PBXFileReference; lastKnownFileType = sourcecode.swift; path = SettingsView.swift; sourceTree = "<group>"; };
		1001249B26BD3B8E00074BF1 /* MapListView.swift */ = {isa = PBXFileReference; lastKnownFileType = sourcecode.swift; path = MapListView.swift; sourceTree = "<group>"; };
		1001249D26BE087400074BF1 /* MapVersionsListView.swift */ = {isa = PBXFileReference; lastKnownFileType = sourcecode.swift; path = MapVersionsListView.swift; sourceTree = "<group>"; };
		10FCC6F826BA357E00A8A46F /* MapVersionItem.swift */ = {isa = PBXFileReference; lastKnownFileType = sourcecode.swift; path = MapVersionItem.swift; sourceTree = "<group>"; };
		10FCC6FA26BA360D00A8A46F /* MapVersionIpoint.swift */ = {isa = PBXFileReference; lastKnownFileType = sourcecode.swift; path = MapVersionIpoint.swift; sourceTree = "<group>"; };
		10FCC6FD26BA374000A8A46F /* DictionaryExt.swift */ = {isa = PBXFileReference; fileEncoding = 4; lastKnownFileType = sourcecode.swift; path = DictionaryExt.swift; sourceTree = "<group>"; };
		10FCC6FE26BA374000A8A46F /* ApiRequestHandler.swift */ = {isa = PBXFileReference; fileEncoding = 4; lastKnownFileType = sourcecode.swift; path = ApiRequestHandler.swift; sourceTree = "<group>"; };
		10FCC6FF26BA374000A8A46F /* DateFormatterExt.swift */ = {isa = PBXFileReference; fileEncoding = 4; lastKnownFileType = sourcecode.swift; path = DateFormatterExt.swift; sourceTree = "<group>"; };
		1936CF31044D8CFD4B0CA300 /* Pods_JDIApp3.framework */ = {isa = PBXFileReference; explicitFileType = wrapper.framework; includeInIndex = 0; path = Pods_JDIApp3.framework; sourceTree = BUILT_PRODUCTS_DIR; };
		638068EBC1065C673D364DF4 /* Pods-JDIApp3.release.xcconfig */ = {isa = PBXFileReference; includeInIndex = 1; lastKnownFileType = text.xcconfig; name = "Pods-JDIApp3.release.xcconfig"; path = "Target Support Files/Pods-JDIApp3/Pods-JDIApp3.release.xcconfig"; sourceTree = "<group>"; };
		8E67AC8045A38575B004683E /* Pods-JDIApp3.debug.xcconfig */ = {isa = PBXFileReference; includeInIndex = 1; lastKnownFileType = text.xcconfig; name = "Pods-JDIApp3.debug.xcconfig"; path = "Target Support Files/Pods-JDIApp3/Pods-JDIApp3.debug.xcconfig"; sourceTree = "<group>"; };
/* End PBXFileReference section */

/* Begin PBXFrameworksBuildPhase section */
		100123F126B6C7BE00074BF1 /* Frameworks */ = {
			isa = PBXFrameworksBuildPhase;
			buildActionMask = 2147483647;
			files = (
				1001240D26B6C88F00074BF1 /* ArcGISToolkit in Frameworks */,
				37F9CE8A2CA43185D25B6BB0 /* Pods_JDIApp3.framework in Frameworks */,
			);
			runOnlyForDeploymentPostprocessing = 0;
		};
/* End PBXFrameworksBuildPhase section */

/* Begin PBXGroup section */
		100123EB26B6C7BE00074BF1 = {
			isa = PBXGroup;
			children = (
				100123F626B6C7BE00074BF1 /* JDIApp3 */,
				100123F526B6C7BE00074BF1 /* Products */,
				4CF674A3A15FBC1326862DEA /* Pods */,
				66054DADA990C2F7BF4CAD9B /* Frameworks */,
			);
			sourceTree = "<group>";
		};
		100123F526B6C7BE00074BF1 /* Products */ = {
			isa = PBXGroup;
			children = (
				100123F426B6C7BE00074BF1 /* JDIApp3.app */,
			);
			name = Products;
			sourceTree = "<group>";
		};
		100123F626B6C7BE00074BF1 /* JDIApp3 */ = {
			isa = PBXGroup;
			children = (
				1001247126BB6C3D00074BF1 /* DataStore */,
				10FCC6FC26BA36DE00A8A46F /* ApiClient */,
				1001241F26B6C91800074BF1 /* Modifiers */,
				1001240E26B6C8F300074BF1 /* DocuSign */,
				1001241126B6C8FC00074BF1 /* ArcGIS */,
				1001245B26BA0ABD00074BF1 /* Models */,
				1001243D26B6C92300074BF1 /* Views */,
				1001241426B6C90B00074BF1 /* ViewModels */,
				100123F726B6C7BE00074BF1 /* AppDelegate.swift */,
				100123F926B6C7BE00074BF1 /* SceneDelegate.swift */,
				100123FB26B6C7BE00074BF1 /* ContentView.swift */,
				100123FD26B6C7BE00074BF1 /* Assets.xcassets */,
				1001240226B6C7BE00074BF1 /* LaunchScreen.storyboard */,
				1001240526B6C7BE00074BF1 /* Info.plist */,
				100123FF26B6C7BE00074BF1 /* Preview Content */,
			);
			path = JDIApp3;
			sourceTree = "<group>";
		};
		100123FF26B6C7BE00074BF1 /* Preview Content */ = {
			isa = PBXGroup;
			children = (
				1001240026B6C7BE00074BF1 /* Preview Assets.xcassets */,
			);
			path = "Preview Content";
			sourceTree = "<group>";
		};
		1001240E26B6C8F300074BF1 /* DocuSign */ = {
			isa = PBXGroup;
			children = (
				1001240F26B6C8F300074BF1 /* DocuSignHandler.swift */,
			);
			path = DocuSign;
			sourceTree = "<group>";
		};
		1001241126B6C8FC00074BF1 /* ArcGIS */ = {
			isa = PBXGroup;
			children = (
				1001241226B6C8FC00074BF1 /* ArcGISHandler.swift */,
			);
			path = ArcGIS;
			sourceTree = "<group>";
		};
		1001241426B6C90B00074BF1 /* ViewModels */ = {
			isa = PBXGroup;
			children = (
				1001241526B6C90B00074BF1 /* ViewModel.swift */,
				1001241626B6C90B00074BF1 /* MapActionHandlingViewModel.swift */,
				1001248A26BB77AF00074BF1 /* UserViewModel.swift */,
				1001249126BB962F00074BF1 /* UserGroupsViewModel.swift */,
				1001241826B6C90B00074BF1 /* MapQueryViewModel.swift */,
				1001241726B6C90B00074BF1 /* TemplatesViewModel.swift */,
				1001241926B6C90B00074BF1 /* AuthenticationViewModel.swift */,
			);
			path = ViewModels;
			sourceTree = "<group>";
		};
		1001241F26B6C91800074BF1 /* Modifiers */ = {
			isa = PBXGroup;
			children = (
				1001242526B6C91800074BF1 /* bottomSheet */,
				1001242026B6C91800074BF1 /* PopOverView.swift */,
				1001245726B77F7F00074BF1 /* PopOverViewAtPoint.swift */,
				1001242126B6C91800074BF1 /* CommonDimensionAndColor.swift */,
				1001242226B6C91800074BF1 /* CustomActivityIndicator.swift */,
				1001242326B6C91800074BF1 /* Common.swift */,
				1001242426B6C91800074BF1 /* Extensions.swift */,
				1001242926B6C91800074BF1 /* QRImageView.swift */,
				1001242A26B6C91800074BF1 /* ProgressViewModifier.swift */,
				1001242B26B6C91800074BF1 /* TextView.swift */,
				1001242C26B6C91800074BF1 /* Theme.swift */,
				1001242D26B6C91800074BF1 /* BorderWithRoundCorner.swift */,
				1001242E26B6C91800074BF1 /* PlaceHolderStyle.swift */,
			);
			path = Modifiers;
			sourceTree = "<group>";
		};
		1001242526B6C91800074BF1 /* bottomSheet */ = {
			isa = PBXGroup;
			children = (
				1001242626B6C91800074BF1 /* RoundedCorner.swift */,
				1001242726B6C91800074BF1 /* BottomSheet.swift */,
				1001242826B6C91800074BF1 /* ViewExtension.swift */,
			);
			path = bottomSheet;
			sourceTree = "<group>";
		};
		1001243D26B6C92300074BF1 /* Views */ = {
			isa = PBXGroup;
			children = (
				1001249826BBCCA000074BF1 /* settings */,
				1001249726BBCC6A00074BF1 /* profile */,
				1001247026BB6BFB00074BF1 /* home */,
				1001243E26B6C92300074BF1 /* docuSign */,
				1001244226B6C92300074BF1 /* login */,
				1001244826B6C92300074BF1 /* mapViews */,
			);
			path = Views;
			sourceTree = "<group>";
		};
		1001243E26B6C92300074BF1 /* docuSign */ = {
			isa = PBXGroup;
			children = (
				1001243F26B6C92300074BF1 /* TemplateView.swift */,
				1001244026B6C92300074BF1 /* TemplatesView.swift */,
				1001244126B6C92300074BF1 /* DocuSignTemplateView.swift */,
			);
			path = docuSign;
			sourceTree = "<group>";
		};
		1001244226B6C92300074BF1 /* login */ = {
			isa = PBXGroup;
			children = (
				1001244326B6C92300074BF1 /* AfterSignInView.swift */,
				1001244426B6C92300074BF1 /* UserLoginView.swift */,
				1001244526B6C92300074BF1 /* OAuthTokenView.swift */,
				1001244626B6C92300074BF1 /* UserLoginViewOld.swift */,
				1001244726B6C92300074BF1 /* OauthTokenWebView.swift */,
				1001245526B766A800074BF1 /* MenuView.swift */,
			);
			path = login;
			sourceTree = "<group>";
		};
		1001244826B6C92300074BF1 /* mapViews */ = {
			isa = PBXGroup;
			children = (
				1001244926B6C92300074BF1 /* ArcGISMapView.swift */,
				1001244A26B6C92300074BF1 /* FrontMapView.swift */,
				1001245926B7DEFD00074BF1 /* MapInfoEntryView.swift */,
				1001249B26BD3B8E00074BF1 /* MapListView.swift */,
				1001249D26BE087400074BF1 /* MapVersionsListView.swift */,
			);
			path = mapViews;
			sourceTree = "<group>";
		};
		1001245B26BA0ABD00074BF1 /* Models */ = {
			isa = PBXGroup;
			children = (
				1001245E26BA0AE700074BF1 /* Country.swift */,
				1001245C26BA0AE700074BF1 /* OtpText.swift */,
				1001245D26BA0AE700074BF1 /* PhoneInputData.swift */,
				1001245F26BA0AE700074BF1 /* User.swift */,
				1001246426BA0CEA00074BF1 /* UserGroup.swift */,
				1001246626BA0D2500074BF1 /* UserMap.swift */,
				1001246826BA0DA300074BF1 /* MapVersion.swift */,
				1001246C26BA896E00074BF1 /* MapVersionNote.swift */,
				10FCC6F826BA357E00A8A46F /* MapVersionItem.swift */,
				10FCC6FA26BA360D00A8A46F /* MapVersionIpoint.swift */,
			);
			path = Models;
			sourceTree = "<group>";
		};
		1001247026BB6BFB00074BF1 /* home */ = {
			isa = PBXGroup;
			children = (
				1001246E26BA91CD00074BF1 /* FrontMenuView.swift */,
			);
			path = home;
			sourceTree = "<group>";
		};
		1001247126BB6C3D00074BF1 /* DataStore */ = {
			isa = PBXGroup;
			children = (
				1001248026BB707E00074BF1 /* KCDataStore.swift */,
				1001247626BB703000074BF1 /* SwiftKeychainWrapper */,
			);
			path = DataStore;
			sourceTree = "<group>";
		};
		1001247626BB703000074BF1 /* SwiftKeychainWrapper */ = {
			isa = PBXGroup;
			children = (
				1001247726BB703000074BF1 /* KeychainWrapper.swift */,
				1001247826BB703000074BF1 /* KeychainWrapperSubscript.swift */,
				1001247926BB703000074BF1 /* SwiftKeychainWrapper.h */,
				1001247A26BB703000074BF1 /* KeychainItemAccessibility.swift */,
			);
			path = SwiftKeychainWrapper;
			sourceTree = "<group>";
		};
		1001249726BBCC6A00074BF1 /* profile */ = {
			isa = PBXGroup;
			children = (
				1001248426BB754000074BF1 /* SignUpView.swift */,
				1001249326BBC6F400074BF1 /* UserProfileFormView.swift */,
				1001249526BBC91A00074BF1 /* UserProfileView.swift */,
				1001248F26BB917B00074BF1 /* UserGroupsListView.swift */,
				1001248226BB739700074BF1 /* SignInView.swift */,
			);
			path = profile;
			sourceTree = "<group>";
		};
		1001249826BBCCA000074BF1 /* settings */ = {
			isa = PBXGroup;
			children = (
				1001249926BBCCB500074BF1 /* SettingsView.swift */,
			);
			path = settings;
			sourceTree = "<group>";
		};
		10FCC6FC26BA36DE00A8A46F /* ApiClient */ = {
			isa = PBXGroup;
			children = (
				10FCC6FE26BA374000A8A46F /* ApiRequestHandler.swift */,
				10FCC6FF26BA374000A8A46F /* DateFormatterExt.swift */,
				10FCC6FD26BA374000A8A46F /* DictionaryExt.swift */,
			);
			path = ApiClient;
			sourceTree = "<group>";
		};
		4CF674A3A15FBC1326862DEA /* Pods */ = {
			isa = PBXGroup;
			children = (
				8E67AC8045A38575B004683E /* Pods-JDIApp3.debug.xcconfig */,
				638068EBC1065C673D364DF4 /* Pods-JDIApp3.release.xcconfig */,
			);
			path = Pods;
			sourceTree = "<group>";
		};
		66054DADA990C2F7BF4CAD9B /* Frameworks */ = {
			isa = PBXGroup;
			children = (
				1936CF31044D8CFD4B0CA300 /* Pods_JDIApp3.framework */,
			);
			name = Frameworks;
			sourceTree = "<group>";
		};
/* End PBXGroup section */

/* Begin PBXNativeTarget section */
		100123F326B6C7BE00074BF1 /* JDIApp3 */ = {
			isa = PBXNativeTarget;
			buildConfigurationList = 1001240826B6C7BE00074BF1 /* Build configuration list for PBXNativeTarget "JDIApp3" */;
			buildPhases = (
				A9D08D07E37B2DB708A3C290 /* [CP] Check Pods Manifest.lock */,
				100123F026B6C7BE00074BF1 /* Sources */,
				100123F126B6C7BE00074BF1 /* Frameworks */,
				100123F226B6C7BE00074BF1 /* Resources */,
				3966482CBF208D2178F2C256 /* [CP] Embed Pods Frameworks */,
				24CB88F6FAEB6499B59C968E /* [CP] Copy Pods Resources */,
			);
			buildRules = (
			);
			dependencies = (
			);
			name = JDIApp3;
			packageProductDependencies = (
				1001240C26B6C88F00074BF1 /* ArcGISToolkit */,
			);
			productName = JDIApp3;
			productReference = 100123F426B6C7BE00074BF1 /* JDIApp3.app */;
			productType = "com.apple.product-type.application";
		};
/* End PBXNativeTarget section */

/* Begin PBXProject section */
		100123EC26B6C7BE00074BF1 /* Project object */ = {
			isa = PBXProject;
			attributes = {
				LastSwiftUpdateCheck = 1250;
				LastUpgradeCheck = 1250;
				TargetAttributes = {
					100123F326B6C7BE00074BF1 = {
						CreatedOnToolsVersion = 12.5.1;
					};
				};
			};
			buildConfigurationList = 100123EF26B6C7BE00074BF1 /* Build configuration list for PBXProject "JDIApp3" */;
			compatibilityVersion = "Xcode 9.3";
			developmentRegion = en;
			hasScannedForEncodings = 0;
			knownRegions = (
				en,
				Base,
			);
			mainGroup = 100123EB26B6C7BE00074BF1;
			packageReferences = (
				1001240B26B6C88F00074BF1 /* XCRemoteSwiftPackageReference "arcgis-runtime-toolkit-ios" */,
			);
			productRefGroup = 100123F526B6C7BE00074BF1 /* Products */;
			projectDirPath = "";
			projectRoot = "";
			targets = (
				100123F326B6C7BE00074BF1 /* JDIApp3 */,
			);
		};
/* End PBXProject section */

/* Begin PBXResourcesBuildPhase section */
		100123F226B6C7BE00074BF1 /* Resources */ = {
			isa = PBXResourcesBuildPhase;
			buildActionMask = 2147483647;
			files = (
				1001240426B6C7BE00074BF1 /* LaunchScreen.storyboard in Resources */,
				1001240126B6C7BE00074BF1 /* Preview Assets.xcassets in Resources */,
				100123FE26B6C7BE00074BF1 /* Assets.xcassets in Resources */,
			);
			runOnlyForDeploymentPostprocessing = 0;
		};
/* End PBXResourcesBuildPhase section */

/* Begin PBXShellScriptBuildPhase section */
		24CB88F6FAEB6499B59C968E /* [CP] Copy Pods Resources */ = {
			isa = PBXShellScriptBuildPhase;
			buildActionMask = 2147483647;
			files = (
			);
			inputFileListPaths = (
				"${PODS_ROOT}/Target Support Files/Pods-JDIApp3/Pods-JDIApp3-resources-${CONFIGURATION}-input-files.xcfilelist",
			);
			name = "[CP] Copy Pods Resources";
			outputFileListPaths = (
				"${PODS_ROOT}/Target Support Files/Pods-JDIApp3/Pods-JDIApp3-resources-${CONFIGURATION}-output-files.xcfilelist",
			);
			runOnlyForDeploymentPostprocessing = 0;
			shellPath = /bin/sh;
			shellScript = "\"${PODS_ROOT}/Target Support Files/Pods-JDIApp3/Pods-JDIApp3-resources.sh\"\n";
			showEnvVarsInLog = 0;
		};
		3966482CBF208D2178F2C256 /* [CP] Embed Pods Frameworks */ = {
			isa = PBXShellScriptBuildPhase;
			buildActionMask = 2147483647;
			files = (
			);
			inputFileListPaths = (
				"${PODS_ROOT}/Target Support Files/Pods-JDIApp3/Pods-JDIApp3-frameworks-${CONFIGURATION}-input-files.xcfilelist",
			);
			name = "[CP] Embed Pods Frameworks";
			outputFileListPaths = (
				"${PODS_ROOT}/Target Support Files/Pods-JDIApp3/Pods-JDIApp3-frameworks-${CONFIGURATION}-output-files.xcfilelist",
			);
			runOnlyForDeploymentPostprocessing = 0;
			shellPath = /bin/sh;
			shellScript = "\"${PODS_ROOT}/Target Support Files/Pods-JDIApp3/Pods-JDIApp3-frameworks.sh\"\n";
			showEnvVarsInLog = 0;
		};
		A9D08D07E37B2DB708A3C290 /* [CP] Check Pods Manifest.lock */ = {
			isa = PBXShellScriptBuildPhase;
			buildActionMask = 2147483647;
			files = (
			);
			inputFileListPaths = (
			);
			inputPaths = (
				"${PODS_PODFILE_DIR_PATH}/Podfile.lock",
				"${PODS_ROOT}/Manifest.lock",
			);
			name = "[CP] Check Pods Manifest.lock";
			outputFileListPaths = (
			);
			outputPaths = (
				"$(DERIVED_FILE_DIR)/Pods-JDIApp3-checkManifestLockResult.txt",
			);
			runOnlyForDeploymentPostprocessing = 0;
			shellPath = /bin/sh;
			shellScript = "diff \"${PODS_PODFILE_DIR_PATH}/Podfile.lock\" \"${PODS_ROOT}/Manifest.lock\" > /dev/null\nif [ $? != 0 ] ; then\n    # print error to STDERR\n    echo \"error: The sandbox is not in sync with the Podfile.lock. Run 'pod install' or update your CocoaPods installation.\" >&2\n    exit 1\nfi\n# This output is used by Xcode 'outputs' to avoid re-running this script phase.\necho \"SUCCESS\" > \"${SCRIPT_OUTPUT_FILE_0}\"\n";
			showEnvVarsInLog = 0;
		};
/* End PBXShellScriptBuildPhase section */

/* Begin PBXSourcesBuildPhase section */
		100123F026B6C7BE00074BF1 /* Sources */ = {
			isa = PBXSourcesBuildPhase;
			buildActionMask = 2147483647;
			files = (
				1001249426BBC6F400074BF1 /* UserProfileFormView.swift in Sources */,
				1001249C26BD3B8E00074BF1 /* MapListView.swift in Sources */,
				1001244D26B6C92300074BF1 /* DocuSignTemplateView.swift in Sources */,
				1001248B26BB77AF00074BF1 /* UserViewModel.swift in Sources */,
				1001243826B6C91800074BF1 /* ProgressViewModifier.swift in Sources */,
				1001245026B6C92300074BF1 /* OAuthTokenView.swift in Sources */,
				1001243B26B6C91800074BF1 /* BorderWithRoundCorner.swift in Sources */,
				10FCC6F926BA357E00A8A46F /* MapVersionItem.swift in Sources */,
				1001249E26BE087400074BF1 /* MapVersionsListView.swift in Sources */,
				1001246026BA0AE700074BF1 /* OtpText.swift in Sources */,
				1001243626B6C91800074BF1 /* ViewExtension.swift in Sources */,
				1001246F26BA91CD00074BF1 /* FrontMenuView.swift in Sources */,
				100123F826B6C7BE00074BF1 /* AppDelegate.swift in Sources */,
				1001243926B6C91800074BF1 /* TextView.swift in Sources */,
				1001249226BB962F00074BF1 /* UserGroupsViewModel.swift in Sources */,
				1001248326BB739700074BF1 /* SignInView.swift in Sources */,
				1001247D26BB703000074BF1 /* KeychainWrapperSubscript.swift in Sources */,
				1001245626B766A800074BF1 /* MenuView.swift in Sources */,
				1001244F26B6C92300074BF1 /* UserLoginView.swift in Sources */,
				1001245326B6C92300074BF1 /* ArcGISMapView.swift in Sources */,
				1001243526B6C91800074BF1 /* BottomSheet.swift in Sources */,
				1001243026B6C91800074BF1 /* CommonDimensionAndColor.swift in Sources */,
				1001241A26B6C90B00074BF1 /* ViewModel.swift in Sources */,
				1001249A26BBCCB500074BF1 /* SettingsView.swift in Sources */,
				1001244B26B6C92300074BF1 /* TemplateView.swift in Sources */,
				1001241B26B6C90B00074BF1 /* MapActionHandlingViewModel.swift in Sources */,
				1001245226B6C92300074BF1 /* OauthTokenWebView.swift in Sources */,
				100123FA26B6C7BE00074BF1 /* SceneDelegate.swift in Sources */,
				10FCC70226BA374000A8A46F /* ApiRequestHandler.swift in Sources */,
				1001248126BB707E00074BF1 /* KCDataStore.swift in Sources */,
				1001246326BA0AE700074BF1 /* User.swift in Sources */,
				1001247E26BB703000074BF1 /* KeychainItemAccessibility.swift in Sources */,
				1001246926BA0DA300074BF1 /* MapVersion.swift in Sources */,
				1001241026B6C8F300074BF1 /* DocuSignHandler.swift in Sources */,
				10FCC70326BA374000A8A46F /* DateFormatterExt.swift in Sources */,
				1001246726BA0D2500074BF1 /* UserMap.swift in Sources */,
				1001243226B6C91800074BF1 /* Common.swift in Sources */,
				10FCC70126BA374000A8A46F /* DictionaryExt.swift in Sources */,
				10FCC6FB26BA360D00A8A46F /* MapVersionIpoint.swift in Sources */,
				1001245126B6C92300074BF1 /* UserLoginViewOld.swift in Sources */,
				1001246526BA0CEA00074BF1 /* UserGroup.swift in Sources */,
				1001245826B77F7F00074BF1 /* PopOverViewAtPoint.swift in Sources */,
				1001241D26B6C90B00074BF1 /* MapQueryViewModel.swift in Sources */,
				1001243726B6C91800074BF1 /* QRImageView.swift in Sources */,
				1001243426B6C91800074BF1 /* RoundedCorner.swift in Sources */,
				1001241E26B6C90B00074BF1 /* AuthenticationViewModel.swift in Sources */,
				1001243A26B6C91800074BF1 /* Theme.swift in Sources */,
				1001247C26BB703000074BF1 /* KeychainWrapper.swift in Sources */,
				100123FC26B6C7BE00074BF1 /* ContentView.swift in Sources */,
				1001248526BB754000074BF1 /* SignUpView.swift in Sources */,
				1001246D26BA896E00074BF1 /* MapVersionNote.swift in Sources */,
				1001246226BA0AE700074BF1 /* Country.swift in Sources */,
				1001243326B6C91800074BF1 /* Extensions.swift in Sources */,
				1001241C26B6C90B00074BF1 /* TemplatesViewModel.swift in Sources */,
				1001245A26B7DEFD00074BF1 /* MapInfoEntryView.swift in Sources */,
				1001245426B6C92300074BF1 /* FrontMapView.swift in Sources */,
				1001249626BBC91A00074BF1 /* UserProfileView.swift in Sources */,
				1001241326B6C8FC00074BF1 /* ArcGISHandler.swift in Sources */,
				1001246126BA0AE700074BF1 /* PhoneInputData.swift in Sources */,
				1001244C26B6C92300074BF1 /* TemplatesView.swift in Sources */,
				1001243C26B6C91800074BF1 /* PlaceHolderStyle.swift in Sources */,
				1001249026BB917B00074BF1 /* UserGroupsListView.swift in Sources */,
				1001244E26B6C92300074BF1 /* AfterSignInView.swift in Sources */,
				1001242F26B6C91800074BF1 /* PopOverView.swift in Sources */,
				1001243126B6C91800074BF1 /* CustomActivityIndicator.swift in Sources */,
			);
			runOnlyForDeploymentPostprocessing = 0;
		};
/* End PBXSourcesBuildPhase section */

/* Begin PBXVariantGroup section */
		1001240226B6C7BE00074BF1 /* LaunchScreen.storyboard */ = {
			isa = PBXVariantGroup;
			children = (
				1001240326B6C7BE00074BF1 /* Base */,
			);
			name = LaunchScreen.storyboard;
			sourceTree = "<group>";
		};
/* End PBXVariantGroup section */

/* Begin XCBuildConfiguration section */
		1001240626B6C7BE00074BF1 /* Debug */ = {
			isa = XCBuildConfiguration;
			buildSettings = {
				ALWAYS_EMBED_SWIFT_STANDARD_LIBRARIES = NO;
				ALWAYS_SEARCH_USER_PATHS = NO;
				CLANG_ANALYZER_NONNULL = YES;
				CLANG_ANALYZER_NUMBER_OBJECT_CONVERSION = YES_AGGRESSIVE;
				CLANG_CXX_LANGUAGE_STANDARD = "gnu++14";
				CLANG_CXX_LIBRARY = "libc++";
				CLANG_ENABLE_MODULES = YES;
				CLANG_ENABLE_OBJC_ARC = YES;
				CLANG_ENABLE_OBJC_WEAK = YES;
				CLANG_WARN_BLOCK_CAPTURE_AUTORELEASING = YES;
				CLANG_WARN_BOOL_CONVERSION = YES;
				CLANG_WARN_COMMA = YES;
				CLANG_WARN_CONSTANT_CONVERSION = YES;
				CLANG_WARN_DEPRECATED_OBJC_IMPLEMENTATIONS = YES;
				CLANG_WARN_DIRECT_OBJC_ISA_USAGE = YES_ERROR;
				CLANG_WARN_DOCUMENTATION_COMMENTS = YES;
				CLANG_WARN_EMPTY_BODY = YES;
				CLANG_WARN_ENUM_CONVERSION = YES;
				CLANG_WARN_INFINITE_RECURSION = YES;
				CLANG_WARN_INT_CONVERSION = YES;
				CLANG_WARN_NON_LITERAL_NULL_CONVERSION = YES;
				CLANG_WARN_OBJC_IMPLICIT_RETAIN_SELF = YES;
				CLANG_WARN_OBJC_LITERAL_CONVERSION = YES;
				CLANG_WARN_OBJC_ROOT_CLASS = YES_ERROR;
				CLANG_WARN_QUOTED_INCLUDE_IN_FRAMEWORK_HEADER = YES;
				CLANG_WARN_RANGE_LOOP_ANALYSIS = YES;
				CLANG_WARN_STRICT_PROTOTYPES = YES;
				CLANG_WARN_SUSPICIOUS_MOVE = YES;
				CLANG_WARN_UNGUARDED_AVAILABILITY = YES_AGGRESSIVE;
				CLANG_WARN_UNREACHABLE_CODE = YES;
				CLANG_WARN__DUPLICATE_METHOD_MATCH = YES;
				COPY_PHASE_STRIP = NO;
				DEBUG_INFORMATION_FORMAT = dwarf;
				ENABLE_ONLY_ACTIVE_RESOURCES = NO;
				ENABLE_STRICT_OBJC_MSGSEND = YES;
				ENABLE_TESTABILITY = YES;
				"EXCLUDED_ARCHS[sdk=iphonesimulator*]" = arm64;
				GCC_C_LANGUAGE_STANDARD = gnu11;
				GCC_DYNAMIC_NO_PIC = NO;
				GCC_NO_COMMON_BLOCKS = YES;
				GCC_OPTIMIZATION_LEVEL = 0;
				GCC_PREPROCESSOR_DEFINITIONS = (
					"DEBUG=1",
					"$(inherited)",
				);
				GCC_WARN_64_TO_32_BIT_CONVERSION = YES;
				GCC_WARN_ABOUT_RETURN_TYPE = YES_ERROR;
				GCC_WARN_UNDECLARED_SELECTOR = YES;
				GCC_WARN_UNINITIALIZED_AUTOS = YES_AGGRESSIVE;
				GCC_WARN_UNUSED_FUNCTION = YES;
				GCC_WARN_UNUSED_VARIABLE = YES;
				IPHONEOS_DEPLOYMENT_TARGET = 13.0;
				MTL_ENABLE_DEBUG_INFO = INCLUDE_SOURCE;
				MTL_FAST_MATH = YES;
				ONLY_ACTIVE_ARCH = YES;
				SDKROOT = iphoneos;
				SWIFT_ACTIVE_COMPILATION_CONDITIONS = DEBUG;
				SWIFT_OPTIMIZATION_LEVEL = "-Onone";
				VALIDATE_WORKSPACE = YES;
			};
			name = Debug;
		};
		1001240726B6C7BE00074BF1 /* Release */ = {
			isa = XCBuildConfiguration;
			buildSettings = {
				ALWAYS_EMBED_SWIFT_STANDARD_LIBRARIES = NO;
				ALWAYS_SEARCH_USER_PATHS = NO;
				CLANG_ANALYZER_NONNULL = YES;
				CLANG_ANALYZER_NUMBER_OBJECT_CONVERSION = YES_AGGRESSIVE;
				CLANG_CXX_LANGUAGE_STANDARD = "gnu++14";
				CLANG_CXX_LIBRARY = "libc++";
				CLANG_ENABLE_MODULES = YES;
				CLANG_ENABLE_OBJC_ARC = YES;
				CLANG_ENABLE_OBJC_WEAK = YES;
				CLANG_WARN_BLOCK_CAPTURE_AUTORELEASING = YES;
				CLANG_WARN_BOOL_CONVERSION = YES;
				CLANG_WARN_COMMA = YES;
				CLANG_WARN_CONSTANT_CONVERSION = YES;
				CLANG_WARN_DEPRECATED_OBJC_IMPLEMENTATIONS = YES;
				CLANG_WARN_DIRECT_OBJC_ISA_USAGE = YES_ERROR;
				CLANG_WARN_DOCUMENTATION_COMMENTS = YES;
				CLANG_WARN_EMPTY_BODY = YES;
				CLANG_WARN_ENUM_CONVERSION = YES;
				CLANG_WARN_INFINITE_RECURSION = YES;
				CLANG_WARN_INT_CONVERSION = YES;
				CLANG_WARN_NON_LITERAL_NULL_CONVERSION = YES;
				CLANG_WARN_OBJC_IMPLICIT_RETAIN_SELF = YES;
				CLANG_WARN_OBJC_LITERAL_CONVERSION = YES;
				CLANG_WARN_OBJC_ROOT_CLASS = YES_ERROR;
				CLANG_WARN_QUOTED_INCLUDE_IN_FRAMEWORK_HEADER = YES;
				CLANG_WARN_RANGE_LOOP_ANALYSIS = YES;
				CLANG_WARN_STRICT_PROTOTYPES = YES;
				CLANG_WARN_SUSPICIOUS_MOVE = YES;
				CLANG_WARN_UNGUARDED_AVAILABILITY = YES_AGGRESSIVE;
				CLANG_WARN_UNREACHABLE_CODE = YES;
				CLANG_WARN__DUPLICATE_METHOD_MATCH = YES;
				COPY_PHASE_STRIP = NO;
				DEBUG_INFORMATION_FORMAT = "dwarf-with-dsym";
				ENABLE_NS_ASSERTIONS = NO;
				ENABLE_ONLY_ACTIVE_RESOURCES = NO;
				ENABLE_STRICT_OBJC_MSGSEND = YES;
				"EXCLUDED_ARCHS[sdk=iphonesimulator*]" = arm64;
				GCC_C_LANGUAGE_STANDARD = gnu11;
				GCC_NO_COMMON_BLOCKS = YES;
				GCC_WARN_64_TO_32_BIT_CONVERSION = YES;
				GCC_WARN_ABOUT_RETURN_TYPE = YES_ERROR;
				GCC_WARN_UNDECLARED_SELECTOR = YES;
				GCC_WARN_UNINITIALIZED_AUTOS = YES_AGGRESSIVE;
				GCC_WARN_UNUSED_FUNCTION = YES;
				GCC_WARN_UNUSED_VARIABLE = YES;
				IPHONEOS_DEPLOYMENT_TARGET = 13.0;
				MTL_ENABLE_DEBUG_INFO = NO;
				MTL_FAST_MATH = YES;
				SDKROOT = iphoneos;
				SWIFT_COMPILATION_MODE = wholemodule;
				SWIFT_OPTIMIZATION_LEVEL = "-O";
				VALIDATE_PRODUCT = YES;
				VALIDATE_WORKSPACE = YES;
			};
			name = Release;
		};
		1001240926B6C7BE00074BF1 /* Debug */ = {
			isa = XCBuildConfiguration;
			baseConfigurationReference = 8E67AC8045A38575B004683E /* Pods-JDIApp3.debug.xcconfig */;
			buildSettings = {
				ASSETCATALOG_COMPILER_APPICON_NAME = AppIcon;
				ASSETCATALOG_COMPILER_GLOBAL_ACCENT_COLOR_NAME = AccentColor;
				CODE_SIGN_STYLE = Automatic;
				DEVELOPMENT_ASSET_PATHS = "\"JDIApp3/Preview Content\"";
				DEVELOPMENT_TEAM = 69FAF79796;
				ENABLE_BITCODE = NO;
				ENABLE_PREVIEWS = YES;
				INFOPLIST_FILE = JDIApp3/Info.plist;
				LD_RUNPATH_SEARCH_PATHS = (
					"$(inherited)",
					"@executable_path/Frameworks",
				);
				PRODUCT_BUNDLE_IDENTIFIER = com.techchee.swiftui.tut.JDIApp3;
				PRODUCT_NAME = "$(TARGET_NAME)";
				SWIFT_VERSION = 5.0;
				TARGETED_DEVICE_FAMILY = "1,2";
			};
			name = Debug;
		};
		1001240A26B6C7BE00074BF1 /* Release */ = {
			isa = XCBuildConfiguration;
			baseConfigurationReference = 638068EBC1065C673D364DF4 /* Pods-JDIApp3.release.xcconfig */;
			buildSettings = {
				ASSETCATALOG_COMPILER_APPICON_NAME = AppIcon;
				ASSETCATALOG_COMPILER_GLOBAL_ACCENT_COLOR_NAME = AccentColor;
				CODE_SIGN_STYLE = Automatic;
				DEVELOPMENT_ASSET_PATHS = "\"JDIApp3/Preview Content\"";
				DEVELOPMENT_TEAM = 69FAF79796;
				ENABLE_BITCODE = NO;
				ENABLE_PREVIEWS = YES;
				INFOPLIST_FILE = JDIApp3/Info.plist;
				LD_RUNPATH_SEARCH_PATHS = (
					"$(inherited)",
					"@executable_path/Frameworks",
				);
				PRODUCT_BUNDLE_IDENTIFIER = com.techchee.swiftui.tut.JDIApp3;
				PRODUCT_NAME = "$(TARGET_NAME)";
				SWIFT_VERSION = 5.0;
				TARGETED_DEVICE_FAMILY = "1,2";
			};
			name = Release;
		};
/* End XCBuildConfiguration section */

/* Begin XCConfigurationList section */
		100123EF26B6C7BE00074BF1 /* Build configuration list for PBXProject "JDIApp3" */ = {
			isa = XCConfigurationList;
			buildConfigurations = (
				1001240626B6C7BE00074BF1 /* Debug */,
				1001240726B6C7BE00074BF1 /* Release */,
			);
			defaultConfigurationIsVisible = 0;
			defaultConfigurationName = Release;
		};
		1001240826B6C7BE00074BF1 /* Build configuration list for PBXNativeTarget "JDIApp3" */ = {
			isa = XCConfigurationList;
			buildConfigurations = (
				1001240926B6C7BE00074BF1 /* Debug */,
				1001240A26B6C7BE00074BF1 /* Release */,
			);
			defaultConfigurationIsVisible = 0;
			defaultConfigurationName = Release;
		};
/* End XCConfigurationList section */

/* Begin XCRemoteSwiftPackageReference section */
		1001240B26B6C88F00074BF1 /* XCRemoteSwiftPackageReference "arcgis-runtime-toolkit-ios" */ = {
			isa = XCRemoteSwiftPackageReference;
			repositoryURL = "https://github.com/Esri/arcgis-runtime-toolkit-ios";
			requirement = {
				kind = upToNextMajorVersion;
				minimumVersion = 100.11.0;
			};
		};
/* End XCRemoteSwiftPackageReference section */

/* Begin XCSwiftPackageProductDependency section */
		1001240C26B6C88F00074BF1 /* ArcGISToolkit */ = {
			isa = XCSwiftPackageProductDependency;
			package = 1001240B26B6C88F00074BF1 /* XCRemoteSwiftPackageReference "arcgis-runtime-toolkit-ios" */;
			productName = ArcGISToolkit;
		};
/* End XCSwiftPackageProductDependency section */
	};
	rootObject = 100123EC26B6C7BE00074BF1 /* Project object */;
}
